// !$*UTF8*$!
{
	archiveVersion = 1;
	classes = {
	};
	objectVersion = 46;
	objects = {

/* Begin PBXBuildFile section */
		CEC8E9621D51233800C25335 /* AppDelegate.swift in Sources */ = {isa = PBXBuildFile; fileRef = CEC8E9611D51233800C25335 /* AppDelegate.swift */; };
		CEC8E9641D51233800C25335 /* ViewController.swift in Sources */ = {isa = PBXBuildFile; fileRef = CEC8E9631D51233800C25335 /* ViewController.swift */; };
		CEC8E9671D51233800C25335 /* Main.storyboard in Resources */ = {isa = PBXBuildFile; fileRef = CEC8E9651D51233800C25335 /* Main.storyboard */; };
		CEC8E9691D51233800C25335 /* Assets.xcassets in Resources */ = {isa = PBXBuildFile; fileRef = CEC8E9681D51233800C25335 /* Assets.xcassets */; };
		CEC8E96C1D51233800C25335 /* LaunchScreen.storyboard in Resources */ = {isa = PBXBuildFile; fileRef = CEC8E96A1D51233800C25335 /* LaunchScreen.storyboard */; };
/* End PBXBuildFile section */

/* Begin PBXFileReference section */
		CEC8E95E1D51233800C25335 /* KindessQuizApp.app */ = {isa = PBXFileReference; explicitFileType = wrapper.application; includeInIndex = 0; path = KindessQuizApp.app; sourceTree = BUILT_PRODUCTS_DIR; };
		CEC8E9611D51233800C25335 /* AppDelegate.swift */ = {isa = PBXFileReference; lastKnownFileType = sourcecode.swift; path = AppDelegate.swift; sourceTree = "<group>"; };
		CEC8E9631D51233800C25335 /* ViewController.swift */ = {isa = PBXFileReference; lastKnownFileType = sourcecode.swift; path = ViewController.swift; sourceTree = "<group>"; };
		CEC8E9661D51233800C25335 /* Base */ = {isa = PBXFileReference; lastKnownFileType = file.storyboard; name = Base; path = Base.lproj/Main.storyboard; sourceTree = "<group>"; };
		CEC8E9681D51233800C25335 /* Assets.xcassets */ = {isa = PBXFileReference; lastKnownFileType = folder.assetcatalog; path = Assets.xcassets; sourceTree = "<group>"; };
		CEC8E96B1D51233800C25335 /* Base */ = {isa = PBXFileReference; lastKnownFileType = file.storyboard; name = Base; path = Base.lproj/LaunchScreen.storyboard; sourceTree = "<group>"; };
		CEC8E96D1D51233800C25335 /* Info.plist */ = {isa = PBXFileReference; lastKnownFileType = text.plist.xml; path = Info.plist; sourceTree = "<group>"; };
/* End PBXFileReference section */

/* Begin PBXFrameworksBuildPhase section */
		CEC8E95B1D51233800C25335 /* Frameworks */ = {
			isa = PBXFrameworksBuildPhase;
			buildActionMask = 2147483647;
			files = (
			);
			runOnlyForDeploymentPostprocessing = 0;
		};
/* End PBXFrameworksBuildPhase section */

/* Begin PBXGroup section */
		CEC8E9551D51233800C25335 = {
			isa = PBXGroup;
			children = (
				CEC8E9601D51233800C25335 /* KindessQuizApp */,
				CEC8E95F1D51233800C25335 /* Products */,
			);
			sourceTree = "<group>";
		};
		CEC8E95F1D51233800C25335 /* Products */ = {
			isa = PBXGroup;
			children = (
				CEC8E95E1D51233800C25335 /* KindessQuizApp.app */,
			);
			name = Products;
			sourceTree = "<group>";
		};
		CEC8E9601D51233800C25335 /* KindessQuizApp */ = {
			isa = PBXGroup;
			children = (
				CEC8E9611D51233800C25335 /* AppDelegate.swift */,
				CEC8E9631D51233800C25335 /* ViewController.swift */,
				CEC8E9651D51233800C25335 /* Main.storyboard */,
				CEC8E9681D51233800C25335 /* Assets.xcassets */,
				CEC8E96A1D51233800C25335 /* LaunchScreen.storyboard */,
				CEC8E96D1D51233800C25335 /* Info.plist */,
			);
			path = KindessQuizApp;
			sourceTree = "<group>";
		};
/* End PBXGroup section */

/* Begin PBXNativeTarget section */
		CEC8E95D1D51233800C25335 /* KindessQuizApp */ = {
			isa = PBXNativeTarget;
			buildConfigurationList = CEC8E9701D51233800C25335 /* Build configuration list for PBXNativeTarget "KindessQuizApp" */;
			buildPhases = (
				CEC8E95A1D51233800C25335 /* Sources */,
				CEC8E95B1D51233800C25335 /* Frameworks */,
				CEC8E95C1D51233800C25335 /* Resources */,
			);
			buildRules = (
			);
			dependencies = (
			);
			name = KindessQuizApp;
			productName = KindessQuizApp;
			productReference = CEC8E95E1D51233800C25335 /* KindessQuizApp.app */;
			productType = "com.apple.product-type.application";
		};
/* End PBXNativeTarget section */

/* Begin PBXProject section */
		CEC8E9561D51233800C25335 /* Project object */ = {
			isa = PBXProject;
			attributes = {
				LastSwiftUpdateCheck = 0730;
				LastUpgradeCheck = 0730;
				ORGANIZATIONNAME = "Paul Maxeiner";
				TargetAttributes = {
					CEC8E95D1D51233800C25335 = {
						CreatedOnToolsVersion = 7.3.1;
					};
				};
			};
			buildConfigurationList = CEC8E9591D51233800C25335 /* Build configuration list for PBXProject "KindessQuizApp" */;
			compatibilityVersion = "Xcode 3.2";
			developmentRegion = English;
			hasScannedForEncodings = 0;
			knownRegions = (
				en,
				Base,
			);
			mainGroup = CEC8E9551D51233800C25335;
			productRefGroup = CEC8E95F1D51233800C25335 /* Products */;
			projectDirPath = "";
			projectRoot = "";
			targets = (
				CEC8E95D1D51233800C25335 /* KindessQuizApp */,
			);
		};
/* End PBXProject section */

/* Begin PBXResourcesBuildPhase section */
		CEC8E95C1D51233800C25335 /* Resources */ = {
			isa = PBXResourcesBuildPhase;
			buildActionMask = 2147483647;
			files = (
				CEC8E96C1D51233800C25335 /* LaunchScreen.storyboard in Resources */,
				CEC8E9691D51233800C25335 /* Assets.xcassets in Resources */,
				CEC8E9671D51233800C25335 /* Main.storyboard in Resources */,
			);
			runOnlyForDeploymentPostprocessing = 0;
		};
/* End PBXResourcesBuildPhase section */

/* Begin PBXSourcesBuildPhase section */
		CEC8E95A1D51233800C25335 /* Sources */ = {
			isa = PBXSourcesBuildPhase;
			buildActionMask = 2147483647;
			files = (
				CEC8E9641D51233800C25335 /* ViewController.swift in Sources */,
				CEC8E9621D51233800C25335 /* AppDelegate.swift in Sources */,
			);
			runOnlyForDeploymentPostprocessing = 0;
		};
/* End PBXSourcesBuildPhase section */

/* Begin PBXVariantGroup section */
		CEC8E9651D51233800C25335 /* Main.storyboard */ = {
			isa = PBXVariantGroup;
			children = (
				CEC8E9661D51233800C25335 /* Base */,
			);
			name = Main.storyboard;
			sourceTree = "<group>";
		};
		CEC8E96A1D51233800C25335 /* LaunchScreen.storyboard */ = {
			isa = PBXVariantGroup;
			children = (
				CEC8E96B1D51233800C25335 /* Base */,
			);
			name = LaunchScreen.storyboard;
			sourceTree = "<group>";
		};
/* End PBXVariantGroup section */

/* Begin XCBuildConfiguration section */
		CEC8E96E1D51233800C25335 /* Debug */ = {
			isa = XCBuildConfiguration;
			buildSettings = {
				ALWAYS_SEARCH_USER_PATHS = NO;
				CLANG_ANALYZER_NONNULL = YES;
				CLANG_CXX_LANGUAGE_STANDARD = "gnu++0x";
				CLANG_CXX_LIBRARY = "libc++";
				CLANG_ENABLE_MODULES = YES;
				CLANG_ENABLE_OBJC_ARC = YES;
				CLANG_WARN_BOOL_CONVERSION = YES;
				CLANG_WARN_CONSTANT_CONVERSION = YES;
				CLANG_WARN_DIRECT_OBJC_ISA_USAGE = YES_ERROR;
				CLANG_WARN_EMPTY_BODY = YES;
				CLANG_WARN_ENUM_CONVERSION = YES;
				CLANG_WARN_INT_CONVERSION = YES;
				CLANG_WARN_OBJC_ROOT_CLASS = YES_ERROR;
				CLANG_WARN_UNREACHABLE_CODE = YES;
				CLANG_WARN__DUPLICATE_METHOD_MATCH = YES;
				"CODE_SIGN_IDENTITY[sdk=iphoneos*]" = "iPhone Developer";
				COPY_PHASE_STRIP = NO;
				DEBUG_INFORMATION_FORMAT = dwarf;
				ENABLE_STRICT_OBJC_MSGSEND = YES;
				ENABLE_TESTABILITY = YES;
				GCC_C_LANGUAGE_STANDARD = gnu99;
				GCC_DYNAMIC_NO_PIC = NO;
				GCC_NO_COMMON_BLOCKS = YES;
				GCC_OPTIMIZATION_LEVEL = 0;
				GCC_PREPROCESSOR_DEFINITIONS = (
					"DEBUG=1",
					"$(inherited)",
				);
				GCC_WARN_64_TO_32_BIT_CONVERSION = YES;
				GCC_WARN_ABOUT_RETURN_TYPE = YES_ERROR;
				GCC_WARN_UNDECLARED_SELECTOR = YES;
				GCC_WARN_UNINITIALIZED_AUTOS = YES_AGGRESSIVE;
				GCC_WARN_UNUSED_FUNCTION = YES;
				GCC_WARN_UNUSED_VARIABLE = YES;
				IPHONEOS_DEPLOYMENT_TARGET = 9.3;
				MTL_ENABLE_DEBUG_INFO = YES;
				ONLY_ACTIVE_ARCH = YES;
				SDKROOT = iphoneos;
				SWIFT_OPTIMIZATION_LEVEL = "-Onone";
			};
			name = Debug;
		};
		CEC8E96F1D51233800C25335 /* Release */ = {
			isa = XCBuildConfiguration;
			buildSettings = {
				ALWAYS_SEARCH_USER_PATHS = NO;
				CLANG_ANALYZER_NONNULL = YES;
				CLANG_CXX_LANGUAGE_STANDARD = "gnu++0x";
				CLANG_CXX_LIBRARY = "libc++";
				CLANG_ENABLE_MODULES = YES;
				CLANG_ENABLE_OBJC_ARC = YES;
				CLANG_WARN_BOOL_CONVERSION = YES;
				CLANG_WARN_CONSTANT_CONVERSION = YES;
				CLANG_WARN_DIRECT_OBJC_ISA_USAGE = YES_ERROR;
				CLANG_WARN_EMPTY_BODY = YES;
				CLANG_WARN_ENUM_CONVERSION = YES;
				CLANG_WARN_INT_CONVERSION = YES;
				CLANG_WARN_OBJC_ROOT_CLASS = YES_ERROR;
				CLANG_WARN_UNREACHABLE_CODE = YES;
				CLANG_WARN__DUPLICATE_METHOD_MATCH = YES;
				"CODE_SIGN_IDENTITY[sdk=iphoneos*]" = "iPhone Developer";
				COPY_PHASE_STRIP = NO;
				DEBUG_INFORMATION_FORMAT = "dwarf-with-dsym";
				ENABLE_NS_ASSERTIONS = NO;
				ENABLE_STRICT_OBJC_MSGSEND = YES;
				GCC_C_LANGUAGE_STANDARD = gnu99;
				GCC_NO_COMMON_BLOCKS = YES;
				GCC_WARN_64_TO_32_BIT_CONVERSION = YES;
				GCC_WARN_ABOUT_RETURN_TYPE = YES_ERROR;
				GCC_WARN_UNDECLARED_SELECTOR = YES;
				GCC_WARN_UNINITIALIZED_AUTOS = YES_AGGRESSIVE;
				GCC_WARN_UNUSED_FUNCTION = YES;
				GCC_WARN_UNUSED_VARIABLE = YES;
				IPHONEOS_DEPLOYMENT_TARGET = 9.3;
				MTL_ENABLE_DEBUG_INFO = NO;
				SDKROOT = iphoneos;
				VALIDATE_PRODUCT = YES;
			};
			name = Release;
		};
		CEC8E9711D51233800C25335 /* Debug */ = {
			isa = XCBuildConfiguration;
			buildSettings = {
				ASSETCATALOG_COMPILER_APPICON_NAME = AppIcon;
				INFOPLIST_FILE = KindessQuizApp/Info.plist;
				LD_RUNPATH_SEARCH_PATHS = "$(inherited) @executable_path/Frameworks";
				PRODUCT_BUNDLE_IDENTIFIER = ee.KindessQuizApp;
				PRODUCT_NAME = "$(TARGET_NAME)";
			};
			name = Debug;
		};
		CEC8E9721D51233800C25335 /* Release */ = {
			isa = XCBuildConfiguration;
			buildSettings = {
				ASSETCATALOG_COMPILER_APPICON_NAME = AppIcon;
				INFOPLIST_FILE = KindessQuizApp/Info.plist;
				LD_RUNPATH_SEARCH_PATHS = "$(inherited) @executable_path/Frameworks";
				PRODUCT_BUNDLE_IDENTIFIER = ee.KindessQuizApp;
				PRODUCT_NAME = "$(TARGET_NAME)";
			};
			name = Release;
		};
/* End XCBuildConfiguration section */

/* Begin XCConfigurationList section */
		CEC8E9591D51233800C25335 /* Build configuration list for PBXProject "KindessQuizApp" */ = {
			isa = XCConfigurationList;
			buildConfigurations = (
				CEC8E96E1D51233800C25335 /* Debug */,
				CEC8E96F1D51233800C25335 /* Release */,
			);
			defaultConfigurationIsVisible = 0;
			defaultConfigurationName = Release;
		};
		CEC8E9701D51233800C25335 /* Build configuration list for PBXNativeTarget "KindessQuizApp" */ = {
			isa = XCConfigurationList;
			buildConfigurations = (
				CEC8E9711D51233800C25335 /* Debug */,
				CEC8E9721D51233800C25335 /* Release */,
			);
			defaultConfigurationIsVisible = 0;
		};
/* End XCConfigurationList section */
	};
	rootObject = CEC8E9561D51233800C25335 /* Project object */;
}
